
Microsoft Visual Studio Solution File, Format Version 12.00
# Visual Studio Version 16
VisualStudioVersion = 16.0.30320.27
MinimumVisualStudioVersion = 10.0.40219.1
Project("{9A19103F-16F7-4668-BE54-9A1E7A4F7556}") = "SzkolaDotNet", "SzkolaDotNet\SzkolaDotNet.csproj", "{E7131B67-9766-48AB-9523-876D46FEB94D}"
EndProject
Project("{FAE04EC0-301F-11D3-BF4B-00C04F79EFBC}") = "NunitTestCollection", "NunitTestCollection\NunitTestCollection.csproj", "{664A07DF-65FC-45E3-AF3A-84C4A7F15E27}"
EndProject
Project("{FAE04EC0-301F-11D3-BF4B-00C04F79EFBC}") = "BladesInTheDarkAdventures", "BladesInTheDarkAdventures\BladesInTheDarkAdventures.csproj", "{4AE64368-5D31-4E3F-8D7E-0B6648FADCEE}"
EndProject
Global
	GlobalSection(SolutionConfigurationPlatforms) = preSolution
		Debug|Any CPU = Debug|Any CPU
		Release|Any CPU = Release|Any CPU
	EndGlobalSection
	GlobalSection(ProjectConfigurationPlatforms) = postSolution
		{E7131B67-9766-48AB-9523-876D46FEB94D}.Debug|Any CPU.ActiveCfg = Debug|Any CPU
		{E7131B67-9766-48AB-9523-876D46FEB94D}.Debug|Any CPU.Build.0 = Debug|Any CPU
		{E7131B67-9766-48AB-9523-876D46FEB94D}.Release|Any CPU.ActiveCfg = Release|Any CPU
		{E7131B67-9766-48AB-9523-876D46FEB94D}.Release|Any CPU.Build.0 = Release|Any CPU
		{664A07DF-65FC-45E3-AF3A-84C4A7F15E27}.Debug|Any CPU.ActiveCfg = Debug|Any CPU
		{664A07DF-65FC-45E3-AF3A-84C4A7F15E27}.Debug|Any CPU.Build.0 = Debug|Any CPU
		{664A07DF-65FC-45E3-AF3A-84C4A7F15E27}.Release|Any CPU.ActiveCfg = Release|Any CPU
		{664A07DF-65FC-45E3-AF3A-84C4A7F15E27}.Release|Any CPU.Build.0 = Release|Any CPU
		{4AE64368-5D31-4E3F-8D7E-0B6648FADCEE}.Debug|Any CPU.ActiveCfg = Debug|Any CPU
		{4AE64368-5D31-4E3F-8D7E-0B6648FADCEE}.Debug|Any CPU.Build.0 = Debug|Any CPU
		{4AE64368-5D31-4E3F-8D7E-0B6648FADCEE}.Release|Any CPU.ActiveCfg = Release|Any CPU
		{4AE64368-5D31-4E3F-8D7E-0B6648FADCEE}.Release|Any CPU.Build.0 = Release|Any CPU
	EndGlobalSection
	GlobalSection(SolutionProperties) = preSolution
		HideSolutionNode = FALSE
	EndGlobalSection
	GlobalSection(ExtensibilityGlobals) = postSolution
		SolutionGuid = {818A7443-8A96-40C7-B19D-6F50EF0C804E}
	EndGlobalSection
EndGlobal
